
Microsoft Visual Studio Solution File, Format Version 12.00
# Visual Studio Version 17
VisualStudioVersion = 17.9.34728.123
MinimumVisualStudioVersion = 10.0.40219.1
Project("{FAE04EC0-301F-11D3-BF4B-00C04F79EFBC}") = "Test_2.api", "Test_2.api.csproj", "{5CC9A3D9-2796-4FDF-9B82-1B054FC6AE33}"
EndProject
Project("{FAE04EC0-301F-11D3-BF4B-00C04F79EFBC}") = "App.DAL", "App.DAL\App.DAL.csproj", "{40373CF9-AA51-40C4-9A34-8079E42ABCDE}"
EndProject
Project("{FAE04EC0-301F-11D3-BF4B-00C04F79EFBC}") = "App.BLL", "App.BLL\App.BLL.csproj", "{A118E6D7-E20D-4860-8D32-8AD14CEE3FC0}"
EndProject
Project("{FAE04EC0-301F-11D3-BF4B-00C04F79EFBC}") = "App.Entity", "App.Entity\App.Entity.csproj", "{FD7D6775-568B-45DC-BCF8-1DFF2CA02318}"
EndProject
Project("{2150E333-8FDC-42A3-9474-1A3956D46DE8}") = "CORE", "CORE", "{E68DAFF5-2A50-48ED-84C6-202880CAA64C}"
EndProject
Project("{9A19103F-16F7-4668-BE54-9A1E7A4F7556}") = "TFU.APIBased", "..\tfu-net-core\TFU.APIBased\TFU.APIBased.csproj", "{A515AD98-7C63-4DC3-8710-59017E3BD0E2}"
EndProject
Project("{9A19103F-16F7-4668-BE54-9A1E7A4F7556}") = "TFU.BLL", "..\tfu-net-core\TFU.BLL\TFU.BLL.csproj", "{C4E27B1B-6DAC-4EC6-BD6F-036450ABFC8D}"
EndProject
Project("{9A19103F-16F7-4668-BE54-9A1E7A4F7556}") = "TFU.Common", "..\tfu-net-core\TFU.Common\TFU.Common.csproj", "{CCBA20AB-E6AE-4882-BFC8-C5296ECA10AE}"
EndProject
Project("{9A19103F-16F7-4668-BE54-9A1E7A4F7556}") = "TFU.Common.Models", "..\tfu-net-core\TFU.Common.Models\TFU.Common.Models.csproj", "{2BABC957-3CCA-4531-8A7C-F72EC3DF9B7A}"
EndProject
Project("{9A19103F-16F7-4668-BE54-9A1E7A4F7556}") = "TFU.DAL", "..\tfu-net-core\TFU.DAL\TFU.DAL.csproj", "{162A4726-0D82-41C0-AEFA-55647434E158}"
EndProject
Project("{9A19103F-16F7-4668-BE54-9A1E7A4F7556}") = "TFU.EntityFramework", "..\tfu-net-core\TFU.EntityFramework\TFU.EntityFramework.csproj", "{76693116-1328-4AFF-9488-2C648D165662}"
EndProject
Project("{9A19103F-16F7-4668-BE54-9A1E7A4F7556}") = "TFU.Helper", "..\tfu-net-core\TFU.Helper\TFU.Helper.csproj", "{6BA6DDC6-8261-49A4-AB44-D654B6FB3E1B}"
EndProject
Project("{9A19103F-16F7-4668-BE54-9A1E7A4F7556}") = "TFU.Logger", "..\tfu-net-core\TFU.Logger\TFU.Logger.csproj", "{BD219C47-C490-450A-A2CC-1400C0DDDFB4}"
EndProject
Project("{9A19103F-16F7-4668-BE54-9A1E7A4F7556}") = "TFU.MediaProcess", "..\tfu-net-core\TFU.MediaProcess\TFU.MediaProcess.csproj", "{461CB87D-9056-4F11-9B3E-996CC7CEB16D}"
EndProject
Project("{9A19103F-16F7-4668-BE54-9A1E7A4F7556}") = "TFU.MessagePlatform", "..\tfu-net-core\TFU.MessagePlatform\TFU.MessagePlatform.csproj", "{CDCC4B5D-0BDA-41C8-9CB5-B6134F7F5640}"
EndProject
Project("{9A19103F-16F7-4668-BE54-9A1E7A4F7556}") = "TFU.Models", "..\tfu-net-core\TFU.Models\TFU.Models.csproj", "{5274C205-CE2B-4D89-831A-0F068B986626}"
EndProject
Project("{9A19103F-16F7-4668-BE54-9A1E7A4F7556}") = "TFU.Notification", "..\tfu-net-core\TFU.Notification\TFU.Notification.csproj", "{6088CE10-AD31-4B08-AEE1-86F59CC08019}"
EndProject
Project("{9A19103F-16F7-4668-BE54-9A1E7A4F7556}") = "TFU.Pixel", "..\tfu-net-core\TFU.Pixel\TFU.Pixel.csproj", "{A968F1FC-1F15-48F1-ABA2-FCDD5FB7912C}"
EndProject
Project("{9A19103F-16F7-4668-BE54-9A1E7A4F7556}") = "TFU.Utility", "..\tfu-net-core\TFU.Utility\TFU.Utility.csproj", "{6E31E6AC-37D8-478C-BA20-97C070C03EE2}"
EndProject
Project("{9A19103F-16F7-4668-BE54-9A1E7A4F7556}") = "TFU.MVCWebBased", "..\tfu-net-core\TFU.WebBased\TFU.MVCWebBased.csproj", "{1C2FD4B6-BC07-4FF6-A00E-1E2D65E0C64F}"
EndProject
Global
	GlobalSection(SolutionConfigurationPlatforms) = preSolution
		Beta|Any CPU = Beta|Any CPU
		Debug|Any CPU = Debug|Any CPU
		Release|Any CPU = Release|Any CPU
	EndGlobalSection
	GlobalSection(ProjectConfigurationPlatforms) = postSolution
		{5CC9A3D9-2796-4FDF-9B82-1B054FC6AE33}.Beta|Any CPU.ActiveCfg = Debug|Any CPU
		{5CC9A3D9-2796-4FDF-9B82-1B054FC6AE33}.Beta|Any CPU.Build.0 = Debug|Any CPU
		{5CC9A3D9-2796-4FDF-9B82-1B054FC6AE33}.Debug|Any CPU.ActiveCfg = Debug|Any CPU
		{5CC9A3D9-2796-4FDF-9B82-1B054FC6AE33}.Debug|Any CPU.Build.0 = Debug|Any CPU
		{5CC9A3D9-2796-4FDF-9B82-1B054FC6AE33}.Release|Any CPU.ActiveCfg = Release|Any CPU
		{5CC9A3D9-2796-4FDF-9B82-1B054FC6AE33}.Release|Any CPU.Build.0 = Release|Any CPU
		{40373CF9-AA51-40C4-9A34-8079E42ABCDE}.Beta|Any CPU.ActiveCfg = Debug|Any CPU
		{40373CF9-AA51-40C4-9A34-8079E42ABCDE}.Beta|Any CPU.Build.0 = Debug|Any CPU
		{40373CF9-AA51-40C4-9A34-8079E42ABCDE}.Debug|Any CPU.ActiveCfg = Debug|Any CPU
		{40373CF9-AA51-40C4-9A34-8079E42ABCDE}.Debug|Any CPU.Build.0 = Debug|Any CPU
		{40373CF9-AA51-40C4-9A34-8079E42ABCDE}.Release|Any CPU.ActiveCfg = Release|Any CPU
		{40373CF9-AA51-40C4-9A34-8079E42ABCDE}.Release|Any CPU.Build.0 = Release|Any CPU
		{A118E6D7-E20D-4860-8D32-8AD14CEE3FC0}.Beta|Any CPU.ActiveCfg = Debug|Any CPU
		{A118E6D7-E20D-4860-8D32-8AD14CEE3FC0}.Beta|Any CPU.Build.0 = Debug|Any CPU
		{A118E6D7-E20D-4860-8D32-8AD14CEE3FC0}.Debug|Any CPU.ActiveCfg = Debug|Any CPU
		{A118E6D7-E20D-4860-8D32-8AD14CEE3FC0}.Debug|Any CPU.Build.0 = Debug|Any CPU
		{A118E6D7-E20D-4860-8D32-8AD14CEE3FC0}.Release|Any CPU.ActiveCfg = Release|Any CPU
		{A118E6D7-E20D-4860-8D32-8AD14CEE3FC0}.Release|Any CPU.Build.0 = Release|Any CPU
		{FD7D6775-568B-45DC-BCF8-1DFF2CA02318}.Beta|Any CPU.ActiveCfg = Debug|Any CPU
		{FD7D6775-568B-45DC-BCF8-1DFF2CA02318}.Beta|Any CPU.Build.0 = Debug|Any CPU
		{FD7D6775-568B-45DC-BCF8-1DFF2CA02318}.Debug|Any CPU.ActiveCfg = Debug|Any CPU
		{FD7D6775-568B-45DC-BCF8-1DFF2CA02318}.Debug|Any CPU.Build.0 = Debug|Any CPU
		{FD7D6775-568B-45DC-BCF8-1DFF2CA02318}.Release|Any CPU.ActiveCfg = Release|Any CPU
		{FD7D6775-568B-45DC-BCF8-1DFF2CA02318}.Release|Any CPU.Build.0 = Release|Any CPU
		{A515AD98-7C63-4DC3-8710-59017E3BD0E2}.Beta|Any CPU.ActiveCfg = Debug|Any CPU
		{A515AD98-7C63-4DC3-8710-59017E3BD0E2}.Beta|Any CPU.Build.0 = Debug|Any CPU
		{A515AD98-7C63-4DC3-8710-59017E3BD0E2}.Debug|Any CPU.ActiveCfg = Debug|Any CPU
		{A515AD98-7C63-4DC3-8710-59017E3BD0E2}.Debug|Any CPU.Build.0 = Debug|Any CPU
		{A515AD98-7C63-4DC3-8710-59017E3BD0E2}.Release|Any CPU.ActiveCfg = Release|Any CPU
		{A515AD98-7C63-4DC3-8710-59017E3BD0E2}.Release|Any CPU.Build.0 = Release|Any CPU
		{C4E27B1B-6DAC-4EC6-BD6F-036450ABFC8D}.Beta|Any CPU.ActiveCfg = Beta|Any CPU
		{C4E27B1B-6DAC-4EC6-BD6F-036450ABFC8D}.Beta|Any CPU.Build.0 = Beta|Any CPU
		{C4E27B1B-6DAC-4EC6-BD6F-036450ABFC8D}.Debug|Any CPU.ActiveCfg = Debug|Any CPU
		{C4E27B1B-6DAC-4EC6-BD6F-036450ABFC8D}.Debug|Any CPU.Build.0 = Debug|Any CPU
		{C4E27B1B-6DAC-4EC6-BD6F-036450ABFC8D}.Release|Any CPU.ActiveCfg = Release|Any CPU
		{C4E27B1B-6DAC-4EC6-BD6F-036450ABFC8D}.Release|Any CPU.Build.0 = Release|Any CPU
		{CCBA20AB-E6AE-4882-BFC8-C5296ECA10AE}.Beta|Any CPU.ActiveCfg = Debug|Any CPU
		{CCBA20AB-E6AE-4882-BFC8-C5296ECA10AE}.Beta|Any CPU.Build.0 = Debug|Any CPU
		{CCBA20AB-E6AE-4882-BFC8-C5296ECA10AE}.Debug|Any CPU.ActiveCfg = Debug|Any CPU
		{CCBA20AB-E6AE-4882-BFC8-C5296ECA10AE}.Debug|Any CPU.Build.0 = Debug|Any CPU
		{CCBA20AB-E6AE-4882-BFC8-C5296ECA10AE}.Release|Any CPU.ActiveCfg = Release|Any CPU
		{CCBA20AB-E6AE-4882-BFC8-C5296ECA10AE}.Release|Any CPU.Build.0 = Release|Any CPU
		{2BABC957-3CCA-4531-8A7C-F72EC3DF9B7A}.Beta|Any CPU.ActiveCfg = Debug|Any CPU
		{2BABC957-3CCA-4531-8A7C-F72EC3DF9B7A}.Beta|Any CPU.Build.0 = Debug|Any CPU
		{2BABC957-3CCA-4531-8A7C-F72EC3DF9B7A}.Debug|Any CPU.ActiveCfg = Debug|Any CPU
		{2BABC957-3CCA-4531-8A7C-F72EC3DF9B7A}.Debug|Any CPU.Build.0 = Debug|Any CPU
		{2BABC957-3CCA-4531-8A7C-F72EC3DF9B7A}.Release|Any CPU.ActiveCfg = Release|Any CPU
		{2BABC957-3CCA-4531-8A7C-F72EC3DF9B7A}.Release|Any CPU.Build.0 = Release|Any CPU
		{162A4726-0D82-41C0-AEFA-55647434E158}.Beta|Any CPU.ActiveCfg = Debug|Any CPU
		{162A4726-0D82-41C0-AEFA-55647434E158}.Beta|Any CPU.Build.0 = Debug|Any CPU
		{162A4726-0D82-41C0-AEFA-55647434E158}.Debug|Any CPU.ActiveCfg = Debug|Any CPU
		{162A4726-0D82-41C0-AEFA-55647434E158}.Debug|Any CPU.Build.0 = Debug|Any CPU
		{162A4726-0D82-41C0-AEFA-55647434E158}.Release|Any CPU.ActiveCfg = Release|Any CPU
		{162A4726-0D82-41C0-AEFA-55647434E158}.Release|Any CPU.Build.0 = Release|Any CPU
		{76693116-1328-4AFF-9488-2C648D165662}.Beta|Any CPU.ActiveCfg = Debug|Any CPU
		{76693116-1328-4AFF-9488-2C648D165662}.Beta|Any CPU.Build.0 = Debug|Any CPU
		{76693116-1328-4AFF-9488-2C648D165662}.Debug|Any CPU.ActiveCfg = Debug|Any CPU
		{76693116-1328-4AFF-9488-2C648D165662}.Debug|Any CPU.Build.0 = Debug|Any CPU
		{76693116-1328-4AFF-9488-2C648D165662}.Release|Any CPU.ActiveCfg = Release|Any CPU
		{76693116-1328-4AFF-9488-2C648D165662}.Release|Any CPU.Build.0 = Release|Any CPU
		{6BA6DDC6-8261-49A4-AB44-D654B6FB3E1B}.Beta|Any CPU.ActiveCfg = Debug|Any CPU
		{6BA6DDC6-8261-49A4-AB44-D654B6FB3E1B}.Beta|Any CPU.Build.0 = Debug|Any CPU
		{6BA6DDC6-8261-49A4-AB44-D654B6FB3E1B}.Debug|Any CPU.ActiveCfg = Debug|Any CPU
		{6BA6DDC6-8261-49A4-AB44-D654B6FB3E1B}.Debug|Any CPU.Build.0 = Debug|Any CPU
		{6BA6DDC6-8261-49A4-AB44-D654B6FB3E1B}.Release|Any CPU.ActiveCfg = Release|Any CPU
		{6BA6DDC6-8261-49A4-AB44-D654B6FB3E1B}.Release|Any CPU.Build.0 = Release|Any CPU
		{BD219C47-C490-450A-A2CC-1400C0DDDFB4}.Beta|Any CPU.ActiveCfg = Debug|Any CPU
		{BD219C47-C490-450A-A2CC-1400C0DDDFB4}.Beta|Any CPU.Build.0 = Debug|Any CPU
		{BD219C47-C490-450A-A2CC-1400C0DDDFB4}.Debug|Any CPU.ActiveCfg = Debug|Any CPU
		{BD219C47-C490-450A-A2CC-1400C0DDDFB4}.Debug|Any CPU.Build.0 = Debug|Any CPU
		{BD219C47-C490-450A-A2CC-1400C0DDDFB4}.Release|Any CPU.ActiveCfg = Release|Any CPU
		{BD219C47-C490-450A-A2CC-1400C0DDDFB4}.Release|Any CPU.Build.0 = Release|Any CPU
		{461CB87D-9056-4F11-9B3E-996CC7CEB16D}.Beta|Any CPU.ActiveCfg = Debug|Any CPU
		{461CB87D-9056-4F11-9B3E-996CC7CEB16D}.Beta|Any CPU.Build.0 = Debug|Any CPU
		{461CB87D-9056-4F11-9B3E-996CC7CEB16D}.Debug|Any CPU.ActiveCfg = Debug|Any CPU
		{461CB87D-9056-4F11-9B3E-996CC7CEB16D}.Debug|Any CPU.Build.0 = Debug|Any CPU
		{461CB87D-9056-4F11-9B3E-996CC7CEB16D}.Release|Any CPU.ActiveCfg = Release|Any CPU
		{461CB87D-9056-4F11-9B3E-996CC7CEB16D}.Release|Any CPU.Build.0 = Release|Any CPU
		{CDCC4B5D-0BDA-41C8-9CB5-B6134F7F5640}.Beta|Any CPU.ActiveCfg = Debug|Any CPU
		{CDCC4B5D-0BDA-41C8-9CB5-B6134F7F5640}.Beta|Any CPU.Build.0 = Debug|Any CPU
		{CDCC4B5D-0BDA-41C8-9CB5-B6134F7F5640}.Debug|Any CPU.ActiveCfg = Debug|Any CPU
		{CDCC4B5D-0BDA-41C8-9CB5-B6134F7F5640}.Debug|Any CPU.Build.0 = Debug|Any CPU
		{CDCC4B5D-0BDA-41C8-9CB5-B6134F7F5640}.Release|Any CPU.ActiveCfg = Release|Any CPU
		{CDCC4B5D-0BDA-41C8-9CB5-B6134F7F5640}.Release|Any CPU.Build.0 = Release|Any CPU
		{5274C205-CE2B-4D89-831A-0F068B986626}.Beta|Any CPU.ActiveCfg = Debug|Any CPU
		{5274C205-CE2B-4D89-831A-0F068B986626}.Beta|Any CPU.Build.0 = Debug|Any CPU
		{5274C205-CE2B-4D89-831A-0F068B986626}.Debug|Any CPU.ActiveCfg = Debug|Any CPU
		{5274C205-CE2B-4D89-831A-0F068B986626}.Debug|Any CPU.Build.0 = Debug|Any CPU
		{5274C205-CE2B-4D89-831A-0F068B986626}.Release|Any CPU.ActiveCfg = Release|Any CPU
		{5274C205-CE2B-4D89-831A-0F068B986626}.Release|Any CPU.Build.0 = Release|Any CPU
		{6088CE10-AD31-4B08-AEE1-86F59CC08019}.Beta|Any CPU.ActiveCfg = Debug|Any CPU
		{6088CE10-AD31-4B08-AEE1-86F59CC08019}.Beta|Any CPU.Build.0 = Debug|Any CPU
		{6088CE10-AD31-4B08-AEE1-86F59CC08019}.Debug|Any CPU.ActiveCfg = Debug|Any CPU
		{6088CE10-AD31-4B08-AEE1-86F59CC08019}.Debug|Any CPU.Build.0 = Debug|Any CPU
		{6088CE10-AD31-4B08-AEE1-86F59CC08019}.Release|Any CPU.ActiveCfg = Release|Any CPU
		{6088CE10-AD31-4B08-AEE1-86F59CC08019}.Release|Any CPU.Build.0 = Release|Any CPU
		{A968F1FC-1F15-48F1-ABA2-FCDD5FB7912C}.Beta|Any CPU.ActiveCfg = Debug|Any CPU
		{A968F1FC-1F15-48F1-ABA2-FCDD5FB7912C}.Beta|Any CPU.Build.0 = Debug|Any CPU
		{A968F1FC-1F15-48F1-ABA2-FCDD5FB7912C}.Debug|Any CPU.ActiveCfg = Debug|Any CPU
		{A968F1FC-1F15-48F1-ABA2-FCDD5FB7912C}.Debug|Any CPU.Build.0 = Debug|Any CPU
		{A968F1FC-1F15-48F1-ABA2-FCDD5FB7912C}.Release|Any CPU.ActiveCfg = Release|Any CPU
		{A968F1FC-1F15-48F1-ABA2-FCDD5FB7912C}.Release|Any CPU.Build.0 = Release|Any CPU
		{6E31E6AC-37D8-478C-BA20-97C070C03EE2}.Beta|Any CPU.ActiveCfg = Debug|Any CPU
		{6E31E6AC-37D8-478C-BA20-97C070C03EE2}.Beta|Any CPU.Build.0 = Debug|Any CPU
		{6E31E6AC-37D8-478C-BA20-97C070C03EE2}.Debug|Any CPU.ActiveCfg = Debug|Any CPU
		{6E31E6AC-37D8-478C-BA20-97C070C03EE2}.Debug|Any CPU.Build.0 = Debug|Any CPU
		{6E31E6AC-37D8-478C-BA20-97C070C03EE2}.Release|Any CPU.ActiveCfg = Release|Any CPU
		{6E31E6AC-37D8-478C-BA20-97C070C03EE2}.Release|Any CPU.Build.0 = Release|Any CPU
		{1C2FD4B6-BC07-4FF6-A00E-1E2D65E0C64F}.Beta|Any CPU.ActiveCfg = Debug|Any CPU
		{1C2FD4B6-BC07-4FF6-A00E-1E2D65E0C64F}.Beta|Any CPU.Build.0 = Debug|Any CPU
		{1C2FD4B6-BC07-4FF6-A00E-1E2D65E0C64F}.Debug|Any CPU.ActiveCfg = Debug|Any CPU
		{1C2FD4B6-BC07-4FF6-A00E-1E2D65E0C64F}.Debug|Any CPU.Build.0 = Debug|Any CPU
		{1C2FD4B6-BC07-4FF6-A00E-1E2D65E0C64F}.Release|Any CPU.ActiveCfg = Release|Any CPU
		{1C2FD4B6-BC07-4FF6-A00E-1E2D65E0C64F}.Release|Any CPU.Build.0 = Release|Any CPU
	EndGlobalSection
	GlobalSection(SolutionProperties) = preSolution
		HideSolutionNode = FALSE
	EndGlobalSection
	GlobalSection(NestedProjects) = preSolution
		{A515AD98-7C63-4DC3-8710-59017E3BD0E2} = {E68DAFF5-2A50-48ED-84C6-202880CAA64C}
		{C4E27B1B-6DAC-4EC6-BD6F-036450ABFC8D} = {E68DAFF5-2A50-48ED-84C6-202880CAA64C}
		{CCBA20AB-E6AE-4882-BFC8-C5296ECA10AE} = {E68DAFF5-2A50-48ED-84C6-202880CAA64C}
		{2BABC957-3CCA-4531-8A7C-F72EC3DF9B7A} = {E68DAFF5-2A50-48ED-84C6-202880CAA64C}
		{162A4726-0D82-41C0-AEFA-55647434E158} = {E68DAFF5-2A50-48ED-84C6-202880CAA64C}
		{76693116-1328-4AFF-9488-2C648D165662} = {E68DAFF5-2A50-48ED-84C6-202880CAA64C}
		{6BA6DDC6-8261-49A4-AB44-D654B6FB3E1B} = {E68DAFF5-2A50-48ED-84C6-202880CAA64C}
		{BD219C47-C490-450A-A2CC-1400C0DDDFB4} = {E68DAFF5-2A50-48ED-84C6-202880CAA64C}
		{461CB87D-9056-4F11-9B3E-996CC7CEB16D} = {E68DAFF5-2A50-48ED-84C6-202880CAA64C}
		{CDCC4B5D-0BDA-41C8-9CB5-B6134F7F5640} = {E68DAFF5-2A50-48ED-84C6-202880CAA64C}
		{5274C205-CE2B-4D89-831A-0F068B986626} = {E68DAFF5-2A50-48ED-84C6-202880CAA64C}
		{6088CE10-AD31-4B08-AEE1-86F59CC08019} = {E68DAFF5-2A50-48ED-84C6-202880CAA64C}
		{A968F1FC-1F15-48F1-ABA2-FCDD5FB7912C} = {E68DAFF5-2A50-48ED-84C6-202880CAA64C}
		{6E31E6AC-37D8-478C-BA20-97C070C03EE2} = {E68DAFF5-2A50-48ED-84C6-202880CAA64C}
		{1C2FD4B6-BC07-4FF6-A00E-1E2D65E0C64F} = {E68DAFF5-2A50-48ED-84C6-202880CAA64C}
	EndGlobalSection
	GlobalSection(ExtensibilityGlobals) = postSolution
		SolutionGuid = {C23464AC-81B5-46B6-B2E1-FDD7B1B10C21}
	EndGlobalSection
EndGlobal
